// !$*UTF8*$!
{
	archiveVersion = 1;
	classes = {
	};
	objectVersion = 46;
	objects = {

/* Begin PBXBuildFile section */
		C33CD8501BFFAD0600525F49 /* ContactsTableViewController.swift in Sources */ = {isa = PBXBuildFile; fileRef = C33CD84F1BFFAD0600525F49 /* ContactsTableViewController.swift */; };
		C33CD8521BFFBCBA00525F49 /* EntryViewController.swift in Sources */ = {isa = PBXBuildFile; fileRef = C33CD8511BFFBCBA00525F49 /* EntryViewController.swift */; };
		C33CD8581BFFD8A100525F49 /* Contact.swift in Sources */ = {isa = PBXBuildFile; fileRef = C33CD8571BFFD8A100525F49 /* Contact.swift */; };
		C391F3E21BFF73B50042273E /* AppDelegate.swift in Sources */ = {isa = PBXBuildFile; fileRef = C391F3E11BFF73B50042273E /* AppDelegate.swift */; };
		C391F3E71BFF73B70042273E /* Main.storyboard in Resources */ = {isa = PBXBuildFile; fileRef = C391F3E51BFF73B70042273E /* Main.storyboard */; };
		C391F3E91BFF73B70042273E /* Assets.xcassets in Resources */ = {isa = PBXBuildFile; fileRef = C391F3E81BFF73B70042273E /* Assets.xcassets */; };
		C391F3EC1BFF73B70042273E /* LaunchScreen.storyboard in Resources */ = {isa = PBXBuildFile; fileRef = C391F3EA1BFF73B70042273E /* LaunchScreen.storyboard */; };
		C3D4DE3F1C021A1B00770151 /* ContactDetailViewController.swift in Sources */ = {isa = PBXBuildFile; fileRef = C3D4DE3E1C021A1B00770151 /* ContactDetailViewController.swift */; };
		C4A52262FFDE0BADB6090808 /* Pods_FirstContact.framework in Frameworks */ = {isa = PBXBuildFile; fileRef = 1278F55E5198BDD5ABE3F9C3 /* Pods_FirstContact.framework */; };
/* End PBXBuildFile section */

/* Begin PBXFileReference section */
		1278F55E5198BDD5ABE3F9C3 /* Pods_FirstContact.framework */ = {isa = PBXFileReference; explicitFileType = wrapper.framework; includeInIndex = 0; path = Pods_FirstContact.framework; sourceTree = BUILT_PRODUCTS_DIR; };
		BFF28D9DB229CCCB979DF748 /* Pods-FirstContact.release.xcconfig */ = {isa = PBXFileReference; includeInIndex = 1; lastKnownFileType = text.xcconfig; name = "Pods-FirstContact.release.xcconfig"; path = "Pods/Target Support Files/Pods-FirstContact/Pods-FirstContact.release.xcconfig"; sourceTree = "<group>"; };
		C33CD84F1BFFAD0600525F49 /* ContactsTableViewController.swift */ = {isa = PBXFileReference; fileEncoding = 4; lastKnownFileType = sourcecode.swift; path = ContactsTableViewController.swift; sourceTree = "<group>"; };
		C33CD8511BFFBCBA00525F49 /* EntryViewController.swift */ = {isa = PBXFileReference; fileEncoding = 4; lastKnownFileType = sourcecode.swift; path = EntryViewController.swift; sourceTree = "<group>"; };
		C33CD8571BFFD8A100525F49 /* Contact.swift */ = {isa = PBXFileReference; fileEncoding = 4; lastKnownFileType = sourcecode.swift; path = Contact.swift; sourceTree = "<group>"; };
		C391F3DE1BFF73B30042273E /* FirstContact.app */ = {isa = PBXFileReference; explicitFileType = wrapper.application; includeInIndex = 0; path = FirstContact.app; sourceTree = BUILT_PRODUCTS_DIR; };
		C391F3E11BFF73B50042273E /* AppDelegate.swift */ = {isa = PBXFileReference; lastKnownFileType = sourcecode.swift; path = AppDelegate.swift; sourceTree = "<group>"; };
		C391F3E61BFF73B70042273E /* Base */ = {isa = PBXFileReference; lastKnownFileType = file.storyboard; name = Base; path = Base.lproj/Main.storyboard; sourceTree = "<group>"; };
		C391F3E81BFF73B70042273E /* Assets.xcassets */ = {isa = PBXFileReference; lastKnownFileType = folder.assetcatalog; path = Assets.xcassets; sourceTree = "<group>"; };
		C391F3EB1BFF73B70042273E /* Base */ = {isa = PBXFileReference; lastKnownFileType = file.storyboard; name = Base; path = Base.lproj/LaunchScreen.storyboard; sourceTree = "<group>"; };
		C391F3ED1BFF73B70042273E /* Info.plist */ = {isa = PBXFileReference; lastKnownFileType = text.plist.xml; path = Info.plist; sourceTree = "<group>"; };
		C3D4DE3E1C021A1B00770151 /* ContactDetailViewController.swift */ = {isa = PBXFileReference; fileEncoding = 4; lastKnownFileType = sourcecode.swift; path = ContactDetailViewController.swift; sourceTree = "<group>"; };
		EF543EC1062C0622C2BA3BAD /* Pods-FirstContact.debug.xcconfig */ = {isa = PBXFileReference; includeInIndex = 1; lastKnownFileType = text.xcconfig; name = "Pods-FirstContact.debug.xcconfig"; path = "Pods/Target Support Files/Pods-FirstContact/Pods-FirstContact.debug.xcconfig"; sourceTree = "<group>"; };
/* End PBXFileReference section */

/* Begin PBXFrameworksBuildPhase section */
		C391F3DB1BFF73B20042273E /* Frameworks */ = {
			isa = PBXFrameworksBuildPhase;
			buildActionMask = 2147483647;
			files = (
				C4A52262FFDE0BADB6090808 /* Pods_FirstContact.framework in Frameworks */,
			);
			runOnlyForDeploymentPostprocessing = 0;
		};
/* End PBXFrameworksBuildPhase section */

/* Begin PBXGroup section */
		4AB107C69CC4FB3CC9BEC77E /* Pods */ = {
			isa = PBXGroup;
			children = (
				EF543EC1062C0622C2BA3BAD /* Pods-FirstContact.debug.xcconfig */,
				BFF28D9DB229CCCB979DF748 /* Pods-FirstContact.release.xcconfig */,
			);
			name = Pods;
			sourceTree = "<group>";
		};
		7A30C10D2643685E9629881A /* Frameworks */ = {
			isa = PBXGroup;
			children = (
				1278F55E5198BDD5ABE3F9C3 /* Pods_FirstContact.framework */,
			);
			name = Frameworks;
			sourceTree = "<group>";
		};
		C391F3D51BFF73B00042273E = {
			isa = PBXGroup;
			children = (
				C391F3E01BFF73B50042273E /* FirstContact */,
				C391F3DF1BFF73B30042273E /* Products */,
				4AB107C69CC4FB3CC9BEC77E /* Pods */,
				7A30C10D2643685E9629881A /* Frameworks */,
			);
			sourceTree = "<group>";
		};
		C391F3DF1BFF73B30042273E /* Products */ = {
			isa = PBXGroup;
			children = (
				C391F3DE1BFF73B30042273E /* FirstContact.app */,
			);
			name = Products;
			sourceTree = "<group>";
		};
		C391F3E01BFF73B50042273E /* FirstContact */ = {
			isa = PBXGroup;
			children = (
				C391F3E11BFF73B50042273E /* AppDelegate.swift */,
				C391F3E51BFF73B70042273E /* Main.storyboard */,
				C391F3E81BFF73B70042273E /* Assets.xcassets */,
				C391F3EA1BFF73B70042273E /* LaunchScreen.storyboard */,
				C391F3ED1BFF73B70042273E /* Info.plist */,
				C33CD84F1BFFAD0600525F49 /* ContactsTableViewController.swift */,
				C33CD8511BFFBCBA00525F49 /* EntryViewController.swift */,
				C33CD8571BFFD8A100525F49 /* Contact.swift */,
				C3D4DE3E1C021A1B00770151 /* ContactDetailViewController.swift */,
			);
			path = FirstContact;
			sourceTree = "<group>";
		};
/* End PBXGroup section */

/* Begin PBXNativeTarget section */
		C391F3DD1BFF73B20042273E /* FirstContact */ = {
			isa = PBXNativeTarget;
			buildConfigurationList = C391F3F01BFF73B80042273E /* Build configuration list for PBXNativeTarget "FirstContact" */;
			buildPhases = (
				603D082A3F4F71AF6047B02E /* Check Pods Manifest.lock */,
				C391F3DA1BFF73B20042273E /* Sources */,
				C391F3DB1BFF73B20042273E /* Frameworks */,
				C391F3DC1BFF73B20042273E /* Resources */,
				25DC8A3B18DF9DE3ED63876D /* Embed Pods Frameworks */,
				9786C7B5552A29A9E4378B42 /* Copy Pods Resources */,
			);
			buildRules = (
			);
			dependencies = (
			);
			name = FirstContact;
			productName = FirstContact;
			productReference = C391F3DE1BFF73B30042273E /* FirstContact.app */;
			productType = "com.apple.product-type.application";
		};
/* End PBXNativeTarget section */

/* Begin PBXProject section */
		C391F3D61BFF73B00042273E /* Project object */ = {
			isa = PBXProject;
			attributes = {
				LastSwiftUpdateCheck = 0710;
				LastUpgradeCheck = 0710;
				ORGANIZATIONNAME = "The Iron Yard";
				TargetAttributes = {
					C391F3DD1BFF73B20042273E = {
						CreatedOnToolsVersion = 7.1;
						DevelopmentTeam = BBMX4YUNT7;
					};
				};
			};
			buildConfigurationList = C391F3D91BFF73B10042273E /* Build configuration list for PBXProject "FirstContact" */;
			compatibilityVersion = "Xcode 3.2";
			developmentRegion = English;
			hasScannedForEncodings = 0;
			knownRegions = (
				en,
				Base,
			);
			mainGroup = C391F3D51BFF73B00042273E;
			productRefGroup = C391F3DF1BFF73B30042273E /* Products */;
			projectDirPath = "";
			projectRoot = "";
			targets = (
				C391F3DD1BFF73B20042273E /* FirstContact */,
			);
		};
/* End PBXProject section */

/* Begin PBXResourcesBuildPhase section */
		C391F3DC1BFF73B20042273E /* Resources */ = {
			isa = PBXResourcesBuildPhase;
			buildActionMask = 2147483647;
			files = (
				C391F3EC1BFF73B70042273E /* LaunchScreen.storyboard in Resources */,
				C391F3E91BFF73B70042273E /* Assets.xcassets in Resources */,
				C391F3E71BFF73B70042273E /* Main.storyboard in Resources */,
			);
			runOnlyForDeploymentPostprocessing = 0;
		};
/* End PBXResourcesBuildPhase section */

/* Begin PBXShellScriptBuildPhase section */
		25DC8A3B18DF9DE3ED63876D /* Embed Pods Frameworks */ = {
			isa = PBXShellScriptBuildPhase;
			buildActionMask = 2147483647;
			files = (
			);
			inputPaths = (
			);
			name = "Embed Pods Frameworks";
			outputPaths = (
			);
			runOnlyForDeploymentPostprocessing = 0;
			shellPath = /bin/sh;
			shellScript = "\"${SRCROOT}/Pods/Target Support Files/Pods-FirstContact/Pods-FirstContact-frameworks.sh\"\n";
			showEnvVarsInLog = 0;
		};
		603D082A3F4F71AF6047B02E /* Check Pods Manifest.lock */ = {
			isa = PBXShellScriptBuildPhase;
			buildActionMask = 2147483647;
			files = (
			);
			inputPaths = (
			);
			name = "Check Pods Manifest.lock";
			outputPaths = (
			);
			runOnlyForDeploymentPostprocessing = 0;
			shellPath = /bin/sh;
			shellScript = "diff \"${PODS_ROOT}/../Podfile.lock\" \"${PODS_ROOT}/Manifest.lock\" > /dev/null\nif [[ $? != 0 ]] ; then\n    cat << EOM\nerror: The sandbox is not in sync with the Podfile.lock. Run 'pod install' or update your CocoaPods installation.\nEOM\n    exit 1\nfi\n";
			showEnvVarsInLog = 0;
		};
		9786C7B5552A29A9E4378B42 /* Copy Pods Resources */ = {
			isa = PBXShellScriptBuildPhase;
			buildActionMask = 2147483647;
			files = (
			);
			inputPaths = (
			);
			name = "Copy Pods Resources";
			outputPaths = (
			);
			runOnlyForDeploymentPostprocessing = 0;
			shellPath = /bin/sh;
			shellScript = "\"${SRCROOT}/Pods/Target Support Files/Pods-FirstContact/Pods-FirstContact-resources.sh\"\n";
			showEnvVarsInLog = 0;
		};
/* End PBXShellScriptBuildPhase section */

/* Begin PBXSourcesBuildPhase section */
		C391F3DA1BFF73B20042273E /* Sources */ = {
			isa = PBXSourcesBuildPhase;
			buildActionMask = 2147483647;
			files = (
				C33CD8581BFFD8A100525F49 /* Contact.swift in Sources */,
				C3D4DE3F1C021A1B00770151 /* ContactDetailViewController.swift in Sources */,
				C33CD8501BFFAD0600525F49 /* ContactsTableViewController.swift in Sources */,
				C391F3E21BFF73B50042273E /* AppDelegate.swift in Sources */,
				C33CD8521BFFBCBA00525F49 /* EntryViewController.swift in Sources */,
			);
			runOnlyForDeploymentPostprocessing = 0;
		};
/* End PBXSourcesBuildPhase section */

/* Begin PBXVariantGroup section */
		C391F3E51BFF73B70042273E /* Main.storyboard */ = {
			isa = PBXVariantGroup;
			children = (
				C391F3E61BFF73B70042273E /* Base */,
			);
			name = Main.storyboard;
			sourceTree = "<group>";
		};
		C391F3EA1BFF73B70042273E /* LaunchScreen.storyboard */ = {
			isa = PBXVariantGroup;
			children = (
				C391F3EB1BFF73B70042273E /* Base */,
			);
			name = LaunchScreen.storyboard;
			sourceTree = "<group>";
		};
/* End PBXVariantGroup section */

/* Begin XCBuildConfiguration section */
		C391F3EE1BFF73B80042273E /* Debug */ = {
			isa = XCBuildConfiguration;
			buildSettings = {
				ALWAYS_SEARCH_USER_PATHS = NO;
				CLANG_CXX_LANGUAGE_STANDARD = "gnu++0x";
				CLANG_CXX_LIBRARY = "libc++";
				CLANG_ENABLE_MODULES = YES;
				CLANG_ENABLE_OBJC_ARC = YES;
				CLANG_WARN_BOOL_CONVERSION = YES;
				CLANG_WARN_CONSTANT_CONVERSION = YES;
				CLANG_WARN_DIRECT_OBJC_ISA_USAGE = YES_ERROR;
				CLANG_WARN_EMPTY_BODY = YES;
				CLANG_WARN_ENUM_CONVERSION = YES;
				CLANG_WARN_INT_CONVERSION = YES;
				CLANG_WARN_OBJC_ROOT_CLASS = YES_ERROR;
				CLANG_WARN_UNREACHABLE_CODE = YES;
				CLANG_WARN__DUPLICATE_METHOD_MATCH = YES;
				"CODE_SIGN_IDENTITY[sdk=iphoneos*]" = "iPhone Developer";
				COPY_PHASE_STRIP = NO;
				DEBUG_INFORMATION_FORMAT = dwarf;
				ENABLE_STRICT_OBJC_MSGSEND = YES;
				ENABLE_TESTABILITY = YES;
				GCC_C_LANGUAGE_STANDARD = gnu99;
				GCC_DYNAMIC_NO_PIC = NO;
				GCC_NO_COMMON_BLOCKS = YES;
				GCC_OPTIMIZATION_LEVEL = 0;
				GCC_PREPROCESSOR_DEFINITIONS = (
					"DEBUG=1",
					"$(inherited)",
				);
				GCC_WARN_64_TO_32_BIT_CONVERSION = YES;
				GCC_WARN_ABOUT_RETURN_TYPE = YES_ERROR;
				GCC_WARN_UNDECLARED_SELECTOR = YES;
				GCC_WARN_UNINITIALIZED_AUTOS = YES_AGGRESSIVE;
				GCC_WARN_UNUSED_FUNCTION = YES;
				GCC_WARN_UNUSED_VARIABLE = YES;
				IPHONEOS_DEPLOYMENT_TARGET = 9.1;
				MTL_ENABLE_DEBUG_INFO = YES;
				ONLY_ACTIVE_ARCH = YES;
				SDKROOT = iphoneos;
				SWIFT_OPTIMIZATION_LEVEL = "-Onone";
			};
			name = Debug;
		};
		C391F3EF1BFF73B80042273E /* Release */ = {
			isa = XCBuildConfiguration;
			buildSettings = {
				ALWAYS_SEARCH_USER_PATHS = NO;
				CLANG_CXX_LANGUAGE_STANDARD = "gnu++0x";
				CLANG_CXX_LIBRARY = "libc++";
				CLANG_ENABLE_MODULES = YES;
				CLANG_ENABLE_OBJC_ARC = YES;
				CLANG_WARN_BOOL_CONVERSION = YES;
				CLANG_WARN_CONSTANT_CONVERSION = YES;
				CLANG_WARN_DIRECT_OBJC_ISA_USAGE = YES_ERROR;
				CLANG_WARN_EMPTY_BODY = YES;
				CLANG_WARN_ENUM_CONVERSION = YES;
				CLANG_WARN_INT_CONVERSION = YES;
				CLANG_WARN_OBJC_ROOT_CLASS = YES_ERROR;
				CLANG_WARN_UNREACHABLE_CODE = YES;
				CLANG_WARN__DUPLICATE_METHOD_MATCH = YES;
				"CODE_SIGN_IDENTITY[sdk=iphoneos*]" = "iPhone Developer";
				COPY_PHASE_STRIP = NO;
				DEBUG_INFORMATION_FORMAT = "dwarf-with-dsym";
				ENABLE_NS_ASSERTIONS = NO;
				ENABLE_STRICT_OBJC_MSGSEND = YES;
				GCC_C_LANGUAGE_STANDARD = gnu99;
				GCC_NO_COMMON_BLOCKS = YES;
				GCC_WARN_64_TO_32_BIT_CONVERSION = YES;
				GCC_WARN_ABOUT_RETURN_TYPE = YES_ERROR;
				GCC_WARN_UNDECLARED_SELECTOR = YES;
				GCC_WARN_UNINITIALIZED_AUTOS = YES_AGGRESSIVE;
				GCC_WARN_UNUSED_FUNCTION = YES;
				GCC_WARN_UNUSED_VARIABLE = YES;
				IPHONEOS_DEPLOYMENT_TARGET = 9.1;
				MTL_ENABLE_DEBUG_INFO = NO;
				SDKROOT = iphoneos;
				VALIDATE_PRODUCT = YES;
			};
			name = Release;
		};
		C391F3F11BFF73B80042273E /* Debug */ = {
			isa = XCBuildConfiguration;
			baseConfigurationReference = EF543EC1062C0622C2BA3BAD /* Pods-FirstContact.debug.xcconfig */;
			buildSettings = {
				ASSETCATALOG_COMPILER_APPICON_NAME = AppIcon;
				INFOPLIST_FILE = FirstContact/Info.plist;
				LD_RUNPATH_SEARCH_PATHS = "$(inherited) @executable_path/Frameworks";
				PRODUCT_BUNDLE_IDENTIFIER = com.tiy.FirstContact;
				PRODUCT_NAME = "$(TARGET_NAME)";
			};
			name = Debug;
		};
		C391F3F21BFF73B80042273E /* Release */ = {
			isa = XCBuildConfiguration;
			baseConfigurationReference = BFF28D9DB229CCCB979DF748 /* Pods-FirstContact.release.xcconfig */;
			buildSettings = {
				ASSETCATALOG_COMPILER_APPICON_NAME = AppIcon;
				INFOPLIST_FILE = FirstContact/Info.plist;
				LD_RUNPATH_SEARCH_PATHS = "$(inherited) @executable_path/Frameworks";
				PRODUCT_BUNDLE_IDENTIFIER = com.tiy.FirstContact;
				PRODUCT_NAME = "$(TARGET_NAME)";
			};
			name = Release;
		};
/* End XCBuildConfiguration section */

/* Begin XCConfigurationList section */
		C391F3D91BFF73B10042273E /* Build configuration list for PBXProject "FirstContact" */ = {
			isa = XCConfigurationList;
			buildConfigurations = (
				C391F3EE1BFF73B80042273E /* Debug */,
				C391F3EF1BFF73B80042273E /* Release */,
			);
			defaultConfigurationIsVisible = 0;
			defaultConfigurationName = Release;
		};
		C391F3F01BFF73B80042273E /* Build configuration list for PBXNativeTarget "FirstContact" */ = {
			isa = XCConfigurationList;
			buildConfigurations = (
				C391F3F11BFF73B80042273E /* Debug */,
				C391F3F21BFF73B80042273E /* Release */,
			);
			defaultConfigurationIsVisible = 0;
			defaultConfigurationName = Release;
		};
/* End XCConfigurationList section */
	};
	rootObject = C391F3D61BFF73B00042273E /* Project object */;
}
