// !$*UTF8*$!
{
	archiveVersion = 1;
	classes = {
	};
	objectVersion = 46;
	objects = {

/* Begin PBXBuildFile section */
		C37265CB1C0B6A040074EF5E /* AppDelegate.swift in Sources */ = {isa = PBXBuildFile; fileRef = C37265CA1C0B6A040074EF5E /* AppDelegate.swift */; };
		C37265CD1C0B6A040074EF5E /* ViewController.swift in Sources */ = {isa = PBXBuildFile; fileRef = C37265CC1C0B6A040074EF5E /* ViewController.swift */; };
		C37265D01C0B6A040074EF5E /* Main.storyboard in Resources */ = {isa = PBXBuildFile; fileRef = C37265CE1C0B6A040074EF5E /* Main.storyboard */; };
		C37265D31C0B6A040074EF5E /* VenueMenu.xcdatamodeld in Sources */ = {isa = PBXBuildFile; fileRef = C37265D11C0B6A040074EF5E /* VenueMenu.xcdatamodeld */; };
		C37265D51C0B6A040074EF5E /* Assets.xcassets in Resources */ = {isa = PBXBuildFile; fileRef = C37265D41C0B6A040074EF5E /* Assets.xcassets */; };
		C37265D81C0B6A040074EF5E /* LaunchScreen.storyboard in Resources */ = {isa = PBXBuildFile; fileRef = C37265D61C0B6A040074EF5E /* LaunchScreen.storyboard */; };
		C37265E31C0B6A040074EF5E /* VenueMenuTests.swift in Sources */ = {isa = PBXBuildFile; fileRef = C37265E21C0B6A040074EF5E /* VenueMenuTests.swift */; };
		C37265EE1C0B6A040074EF5E /* VenueMenuUITests.swift in Sources */ = {isa = PBXBuildFile; fileRef = C37265ED1C0B6A040074EF5E /* VenueMenuUITests.swift */; };
/* End PBXBuildFile section */

/* Begin PBXContainerItemProxy section */
		C37265DF1C0B6A040074EF5E /* PBXContainerItemProxy */ = {
			isa = PBXContainerItemProxy;
			containerPortal = C37265BF1C0B6A030074EF5E /* Project object */;
			proxyType = 1;
			remoteGlobalIDString = C37265C61C0B6A040074EF5E;
			remoteInfo = VenueMenu;
		};
		C37265EA1C0B6A040074EF5E /* PBXContainerItemProxy */ = {
			isa = PBXContainerItemProxy;
			containerPortal = C37265BF1C0B6A030074EF5E /* Project object */;
			proxyType = 1;
			remoteGlobalIDString = C37265C61C0B6A040074EF5E;
			remoteInfo = VenueMenu;
		};
/* End PBXContainerItemProxy section */

/* Begin PBXFileReference section */
		C37265C71C0B6A040074EF5E /* VenueMenu.app */ = {isa = PBXFileReference; explicitFileType = wrapper.application; includeInIndex = 0; path = VenueMenu.app; sourceTree = BUILT_PRODUCTS_DIR; };
		C37265CA1C0B6A040074EF5E /* AppDelegate.swift */ = {isa = PBXFileReference; lastKnownFileType = sourcecode.swift; path = AppDelegate.swift; sourceTree = "<group>"; };
		C37265CC1C0B6A040074EF5E /* ViewController.swift */ = {isa = PBXFileReference; lastKnownFileType = sourcecode.swift; path = ViewController.swift; sourceTree = "<group>"; };
		C37265CF1C0B6A040074EF5E /* Base */ = {isa = PBXFileReference; lastKnownFileType = file.storyboard; name = Base; path = Base.lproj/Main.storyboard; sourceTree = "<group>"; };
		C37265D21C0B6A040074EF5E /* VenueMenu.xcdatamodel */ = {isa = PBXFileReference; lastKnownFileType = wrapper.xcdatamodel; path = VenueMenu.xcdatamodel; sourceTree = "<group>"; };
		C37265D41C0B6A040074EF5E /* Assets.xcassets */ = {isa = PBXFileReference; lastKnownFileType = folder.assetcatalog; path = Assets.xcassets; sourceTree = "<group>"; };
		C37265D71C0B6A040074EF5E /* Base */ = {isa = PBXFileReference; lastKnownFileType = file.storyboard; name = Base; path = Base.lproj/LaunchScreen.storyboard; sourceTree = "<group>"; };
		C37265D91C0B6A040074EF5E /* Info.plist */ = {isa = PBXFileReference; lastKnownFileType = text.plist.xml; path = Info.plist; sourceTree = "<group>"; };
		C37265DE1C0B6A040074EF5E /* VenueMenuTests.xctest */ = {isa = PBXFileReference; explicitFileType = wrapper.cfbundle; includeInIndex = 0; path = VenueMenuTests.xctest; sourceTree = BUILT_PRODUCTS_DIR; };
		C37265E21C0B6A040074EF5E /* VenueMenuTests.swift */ = {isa = PBXFileReference; lastKnownFileType = sourcecode.swift; path = VenueMenuTests.swift; sourceTree = "<group>"; };
		C37265E41C0B6A040074EF5E /* Info.plist */ = {isa = PBXFileReference; lastKnownFileType = text.plist.xml; path = Info.plist; sourceTree = "<group>"; };
		C37265E91C0B6A040074EF5E /* VenueMenuUITests.xctest */ = {isa = PBXFileReference; explicitFileType = wrapper.cfbundle; includeInIndex = 0; path = VenueMenuUITests.xctest; sourceTree = BUILT_PRODUCTS_DIR; };
		C37265ED1C0B6A040074EF5E /* VenueMenuUITests.swift */ = {isa = PBXFileReference; lastKnownFileType = sourcecode.swift; path = VenueMenuUITests.swift; sourceTree = "<group>"; };
		C37265EF1C0B6A040074EF5E /* Info.plist */ = {isa = PBXFileReference; lastKnownFileType = text.plist.xml; path = Info.plist; sourceTree = "<group>"; };
/* End PBXFileReference section */

/* Begin PBXFrameworksBuildPhase section */
		C37265C41C0B6A040074EF5E /* Frameworks */ = {
			isa = PBXFrameworksBuildPhase;
			buildActionMask = 2147483647;
			files = (
			);
			runOnlyForDeploymentPostprocessing = 0;
		};
		C37265DB1C0B6A040074EF5E /* Frameworks */ = {
			isa = PBXFrameworksBuildPhase;
			buildActionMask = 2147483647;
			files = (
			);
			runOnlyForDeploymentPostprocessing = 0;
		};
		C37265E61C0B6A040074EF5E /* Frameworks */ = {
			isa = PBXFrameworksBuildPhase;
			buildActionMask = 2147483647;
			files = (
			);
			runOnlyForDeploymentPostprocessing = 0;
		};
/* End PBXFrameworksBuildPhase section */

/* Begin PBXGroup section */
		C37265BE1C0B6A030074EF5E = {
			isa = PBXGroup;
			children = (
				C37265C91C0B6A040074EF5E /* VenueMenu */,
				C37265E11C0B6A040074EF5E /* VenueMenuTests */,
				C37265EC1C0B6A040074EF5E /* VenueMenuUITests */,
				C37265C81C0B6A040074EF5E /* Products */,
			);
			sourceTree = "<group>";
		};
		C37265C81C0B6A040074EF5E /* Products */ = {
			isa = PBXGroup;
			children = (
				C37265C71C0B6A040074EF5E /* VenueMenu.app */,
				C37265DE1C0B6A040074EF5E /* VenueMenuTests.xctest */,
				C37265E91C0B6A040074EF5E /* VenueMenuUITests.xctest */,
			);
			name = Products;
			sourceTree = "<group>";
		};
		C37265C91C0B6A040074EF5E /* VenueMenu */ = {
			isa = PBXGroup;
			children = (
				C37265CA1C0B6A040074EF5E /* AppDelegate.swift */,
				C37265CC1C0B6A040074EF5E /* ViewController.swift */,
				C37265CE1C0B6A040074EF5E /* Main.storyboard */,
				C37265D41C0B6A040074EF5E /* Assets.xcassets */,
				C37265D61C0B6A040074EF5E /* LaunchScreen.storyboard */,
				C37265D91C0B6A040074EF5E /* Info.plist */,
				C37265D11C0B6A040074EF5E /* VenueMenu.xcdatamodeld */,
			);
			path = VenueMenu;
			sourceTree = "<group>";
		};
		C37265E11C0B6A040074EF5E /* VenueMenuTests */ = {
			isa = PBXGroup;
			children = (
				C37265E21C0B6A040074EF5E /* VenueMenuTests.swift */,
				C37265E41C0B6A040074EF5E /* Info.plist */,
			);
			path = VenueMenuTests;
			sourceTree = "<group>";
		};
		C37265EC1C0B6A040074EF5E /* VenueMenuUITests */ = {
			isa = PBXGroup;
			children = (
				C37265ED1C0B6A040074EF5E /* VenueMenuUITests.swift */,
				C37265EF1C0B6A040074EF5E /* Info.plist */,
			);
			path = VenueMenuUITests;
			sourceTree = "<group>";
		};
/* End PBXGroup section */

/* Begin PBXNativeTarget section */
		C37265C61C0B6A040074EF5E /* VenueMenu */ = {
			isa = PBXNativeTarget;
			buildConfigurationList = C37265F21C0B6A050074EF5E /* Build configuration list for PBXNativeTarget "VenueMenu" */;
			buildPhases = (
				C37265C31C0B6A040074EF5E /* Sources */,
				C37265C41C0B6A040074EF5E /* Frameworks */,
				C37265C51C0B6A040074EF5E /* Resources */,
			);
			buildRules = (
			);
			dependencies = (
			);
			name = VenueMenu;
			productName = VenueMenu;
			productReference = C37265C71C0B6A040074EF5E /* VenueMenu.app */;
			productType = "com.apple.product-type.application";
		};
		C37265DD1C0B6A040074EF5E /* VenueMenuTests */ = {
			isa = PBXNativeTarget;
			buildConfigurationList = C37265F51C0B6A050074EF5E /* Build configuration list for PBXNativeTarget "VenueMenuTests" */;
			buildPhases = (
				C37265DA1C0B6A040074EF5E /* Sources */,
				C37265DB1C0B6A040074EF5E /* Frameworks */,
				C37265DC1C0B6A040074EF5E /* Resources */,
			);
			buildRules = (
			);
			dependencies = (
				C37265E01C0B6A040074EF5E /* PBXTargetDependency */,
			);
			name = VenueMenuTests;
			productName = VenueMenuTests;
			productReference = C37265DE1C0B6A040074EF5E /* VenueMenuTests.xctest */;
			productType = "com.apple.product-type.bundle.unit-test";
		};
		C37265E81C0B6A040074EF5E /* VenueMenuUITests */ = {
			isa = PBXNativeTarget;
			buildConfigurationList = C37265F81C0B6A050074EF5E /* Build configuration list for PBXNativeTarget "VenueMenuUITests" */;
			buildPhases = (
				C37265E51C0B6A040074EF5E /* Sources */,
				C37265E61C0B6A040074EF5E /* Frameworks */,
				C37265E71C0B6A040074EF5E /* Resources */,
			);
			buildRules = (
			);
			dependencies = (
				C37265EB1C0B6A040074EF5E /* PBXTargetDependency */,
			);
			name = VenueMenuUITests;
			productName = VenueMenuUITests;
			productReference = C37265E91C0B6A040074EF5E /* VenueMenuUITests.xctest */;
			productType = "com.apple.product-type.bundle.ui-testing";
		};
/* End PBXNativeTarget section */

/* Begin PBXProject section */
		C37265BF1C0B6A030074EF5E /* Project object */ = {
			isa = PBXProject;
			attributes = {
				LastSwiftUpdateCheck = 0710;
				LastUpgradeCheck = 0710;
				ORGANIZATIONNAME = "The Iron Yard";
				TargetAttributes = {
					C37265C61C0B6A040074EF5E = {
						CreatedOnToolsVersion = 7.1;
						DevelopmentTeam = BBMX4YUNT7;
					};
					C37265DD1C0B6A040074EF5E = {
						CreatedOnToolsVersion = 7.1;
						DevelopmentTeam = BBMX4YUNT7;
						TestTargetID = C37265C61C0B6A040074EF5E;
					};
					C37265E81C0B6A040074EF5E = {
						CreatedOnToolsVersion = 7.1;
						DevelopmentTeam = BBMX4YUNT7;
						TestTargetID = C37265C61C0B6A040074EF5E;
					};
				};
			};
			buildConfigurationList = C37265C21C0B6A030074EF5E /* Build configuration list for PBXProject "VenueMenu" */;
			compatibilityVersion = "Xcode 3.2";
			developmentRegion = English;
			hasScannedForEncodings = 0;
			knownRegions = (
				en,
				Base,
			);
			mainGroup = C37265BE1C0B6A030074EF5E;
			productRefGroup = C37265C81C0B6A040074EF5E /* Products */;
			projectDirPath = "";
			projectRoot = "";
			targets = (
				C37265C61C0B6A040074EF5E /* VenueMenu */,
				C37265DD1C0B6A040074EF5E /* VenueMenuTests */,
				C37265E81C0B6A040074EF5E /* VenueMenuUITests */,
			);
		};
/* End PBXProject section */

/* Begin PBXResourcesBuildPhase section */
		C37265C51C0B6A040074EF5E /* Resources */ = {
			isa = PBXResourcesBuildPhase;
			buildActionMask = 2147483647;
			files = (
				C37265D81C0B6A040074EF5E /* LaunchScreen.storyboard in Resources */,
				C37265D51C0B6A040074EF5E /* Assets.xcassets in Resources */,
				C37265D01C0B6A040074EF5E /* Main.storyboard in Resources */,
			);
			runOnlyForDeploymentPostprocessing = 0;
		};
		C37265DC1C0B6A040074EF5E /* Resources */ = {
			isa = PBXResourcesBuildPhase;
			buildActionMask = 2147483647;
			files = (
			);
			runOnlyForDeploymentPostprocessing = 0;
		};
		C37265E71C0B6A040074EF5E /* Resources */ = {
			isa = PBXResourcesBuildPhase;
			buildActionMask = 2147483647;
			files = (
			);
			runOnlyForDeploymentPostprocessing = 0;
		};
/* End PBXResourcesBuildPhase section */

/* Begin PBXSourcesBuildPhase section */
		C37265C31C0B6A040074EF5E /* Sources */ = {
			isa = PBXSourcesBuildPhase;
			buildActionMask = 2147483647;
			files = (
				C37265D31C0B6A040074EF5E /* VenueMenu.xcdatamodeld in Sources */,
				C37265CD1C0B6A040074EF5E /* ViewController.swift in Sources */,
				C37265CB1C0B6A040074EF5E /* AppDelegate.swift in Sources */,
			);
			runOnlyForDeploymentPostprocessing = 0;
		};
		C37265DA1C0B6A040074EF5E /* Sources */ = {
			isa = PBXSourcesBuildPhase;
			buildActionMask = 2147483647;
			files = (
				C37265E31C0B6A040074EF5E /* VenueMenuTests.swift in Sources */,
			);
			runOnlyForDeploymentPostprocessing = 0;
		};
		C37265E51C0B6A040074EF5E /* Sources */ = {
			isa = PBXSourcesBuildPhase;
			buildActionMask = 2147483647;
			files = (
				C37265EE1C0B6A040074EF5E /* VenueMenuUITests.swift in Sources */,
			);
			runOnlyForDeploymentPostprocessing = 0;
		};
/* End PBXSourcesBuildPhase section */

/* Begin PBXTargetDependency section */
		C37265E01C0B6A040074EF5E /* PBXTargetDependency */ = {
			isa = PBXTargetDependency;
			target = C37265C61C0B6A040074EF5E /* VenueMenu */;
			targetProxy = C37265DF1C0B6A040074EF5E /* PBXContainerItemProxy */;
		};
		C37265EB1C0B6A040074EF5E /* PBXTargetDependency */ = {
			isa = PBXTargetDependency;
			target = C37265C61C0B6A040074EF5E /* VenueMenu */;
			targetProxy = C37265EA1C0B6A040074EF5E /* PBXContainerItemProxy */;
		};
/* End PBXTargetDependency section */

/* Begin PBXVariantGroup section */
		C37265CE1C0B6A040074EF5E /* Main.storyboard */ = {
			isa = PBXVariantGroup;
			children = (
				C37265CF1C0B6A040074EF5E /* Base */,
			);
			name = Main.storyboard;
			sourceTree = "<group>";
		};
		C37265D61C0B6A040074EF5E /* LaunchScreen.storyboard */ = {
			isa = PBXVariantGroup;
			children = (
				C37265D71C0B6A040074EF5E /* Base */,
			);
			name = LaunchScreen.storyboard;
			sourceTree = "<group>";
		};
/* End PBXVariantGroup section */

/* Begin XCBuildConfiguration section */
		C37265F01C0B6A050074EF5E /* Debug */ = {
			isa = XCBuildConfiguration;
			buildSettings = {
				ALWAYS_SEARCH_USER_PATHS = NO;
				CLANG_CXX_LANGUAGE_STANDARD = "gnu++0x";
				CLANG_CXX_LIBRARY = "libc++";
				CLANG_ENABLE_MODULES = YES;
				CLANG_ENABLE_OBJC_ARC = YES;
				CLANG_WARN_BOOL_CONVERSION = YES;
				CLANG_WARN_CONSTANT_CONVERSION = YES;
				CLANG_WARN_DIRECT_OBJC_ISA_USAGE = YES_ERROR;
				CLANG_WARN_EMPTY_BODY = YES;
				CLANG_WARN_ENUM_CONVERSION = YES;
				CLANG_WARN_INT_CONVERSION = YES;
				CLANG_WARN_OBJC_ROOT_CLASS = YES_ERROR;
				CLANG_WARN_UNREACHABLE_CODE = YES;
				CLANG_WARN__DUPLICATE_METHOD_MATCH = YES;
				"CODE_SIGN_IDENTITY[sdk=iphoneos*]" = "iPhone Developer";
				COPY_PHASE_STRIP = NO;
				DEBUG_INFORMATION_FORMAT = dwarf;
				ENABLE_STRICT_OBJC_MSGSEND = YES;
				ENABLE_TESTABILITY = YES;
				GCC_C_LANGUAGE_STANDARD = gnu99;
				GCC_DYNAMIC_NO_PIC = NO;
				GCC_NO_COMMON_BLOCKS = YES;
				GCC_OPTIMIZATION_LEVEL = 0;
				GCC_PREPROCESSOR_DEFINITIONS = (
					"DEBUG=1",
					"$(inherited)",
				);
				GCC_WARN_64_TO_32_BIT_CONVERSION = YES;
				GCC_WARN_ABOUT_RETURN_TYPE = YES_ERROR;
				GCC_WARN_UNDECLARED_SELECTOR = YES;
				GCC_WARN_UNINITIALIZED_AUTOS = YES_AGGRESSIVE;
				GCC_WARN_UNUSED_FUNCTION = YES;
				GCC_WARN_UNUSED_VARIABLE = YES;
				IPHONEOS_DEPLOYMENT_TARGET = 9.1;
				MTL_ENABLE_DEBUG_INFO = YES;
				ONLY_ACTIVE_ARCH = YES;
				SDKROOT = iphoneos;
				SWIFT_OPTIMIZATION_LEVEL = "-Onone";
			};
			name = Debug;
		};
		C37265F11C0B6A050074EF5E /* Release */ = {
			isa = XCBuildConfiguration;
			buildSettings = {
				ALWAYS_SEARCH_USER_PATHS = NO;
				CLANG_CXX_LANGUAGE_STANDARD = "gnu++0x";
				CLANG_CXX_LIBRARY = "libc++";
				CLANG_ENABLE_MODULES = YES;
				CLANG_ENABLE_OBJC_ARC = YES;
				CLANG_WARN_BOOL_CONVERSION = YES;
				CLANG_WARN_CONSTANT_CONVERSION = YES;
				CLANG_WARN_DIRECT_OBJC_ISA_USAGE = YES_ERROR;
				CLANG_WARN_EMPTY_BODY = YES;
				CLANG_WARN_ENUM_CONVERSION = YES;
				CLANG_WARN_INT_CONVERSION = YES;
				CLANG_WARN_OBJC_ROOT_CLASS = YES_ERROR;
				CLANG_WARN_UNREACHABLE_CODE = YES;
				CLANG_WARN__DUPLICATE_METHOD_MATCH = YES;
				"CODE_SIGN_IDENTITY[sdk=iphoneos*]" = "iPhone Developer";
				COPY_PHASE_STRIP = NO;
				DEBUG_INFORMATION_FORMAT = "dwarf-with-dsym";
				ENABLE_NS_ASSERTIONS = NO;
				ENABLE_STRICT_OBJC_MSGSEND = YES;
				GCC_C_LANGUAGE_STANDARD = gnu99;
				GCC_NO_COMMON_BLOCKS = YES;
				GCC_WARN_64_TO_32_BIT_CONVERSION = YES;
				GCC_WARN_ABOUT_RETURN_TYPE = YES_ERROR;
				GCC_WARN_UNDECLARED_SELECTOR = YES;
				GCC_WARN_UNINITIALIZED_AUTOS = YES_AGGRESSIVE;
				GCC_WARN_UNUSED_FUNCTION = YES;
				GCC_WARN_UNUSED_VARIABLE = YES;
				IPHONEOS_DEPLOYMENT_TARGET = 9.1;
				MTL_ENABLE_DEBUG_INFO = NO;
				SDKROOT = iphoneos;
				VALIDATE_PRODUCT = YES;
			};
			name = Release;
		};
		C37265F31C0B6A050074EF5E /* Debug */ = {
			isa = XCBuildConfiguration;
			buildSettings = {
				ASSETCATALOG_COMPILER_APPICON_NAME = AppIcon;
				INFOPLIST_FILE = VenueMenu/Info.plist;
				LD_RUNPATH_SEARCH_PATHS = "$(inherited) @executable_path/Frameworks";
				PRODUCT_BUNDLE_IDENTIFIER = com.tiy.VenueMenu;
				PRODUCT_NAME = "$(TARGET_NAME)";
			};
			name = Debug;
		};
		C37265F41C0B6A050074EF5E /* Release */ = {
			isa = XCBuildConfiguration;
			buildSettings = {
				ASSETCATALOG_COMPILER_APPICON_NAME = AppIcon;
				INFOPLIST_FILE = VenueMenu/Info.plist;
				LD_RUNPATH_SEARCH_PATHS = "$(inherited) @executable_path/Frameworks";
				PRODUCT_BUNDLE_IDENTIFIER = com.tiy.VenueMenu;
				PRODUCT_NAME = "$(TARGET_NAME)";
			};
			name = Release;
		};
		C37265F61C0B6A050074EF5E /* Debug */ = {
			isa = XCBuildConfiguration;
			buildSettings = {
				BUNDLE_LOADER = "$(TEST_HOST)";
				INFOPLIST_FILE = VenueMenuTests/Info.plist;
				LD_RUNPATH_SEARCH_PATHS = "$(inherited) @executable_path/Frameworks @loader_path/Frameworks";
				PRODUCT_BUNDLE_IDENTIFIER = com.tiy.VenueMenuTests;
				PRODUCT_NAME = "$(TARGET_NAME)";
				TEST_HOST = "$(BUILT_PRODUCTS_DIR)/VenueMenu.app/VenueMenu";
			};
			name = Debug;
		};
		C37265F71C0B6A050074EF5E /* Release */ = {
			isa = XCBuildConfiguration;
			buildSettings = {
				BUNDLE_LOADER = "$(TEST_HOST)";
				INFOPLIST_FILE = VenueMenuTests/Info.plist;
				LD_RUNPATH_SEARCH_PATHS = "$(inherited) @executable_path/Frameworks @loader_path/Frameworks";
				PRODUCT_BUNDLE_IDENTIFIER = com.tiy.VenueMenuTests;
				PRODUCT_NAME = "$(TARGET_NAME)";
				TEST_HOST = "$(BUILT_PRODUCTS_DIR)/VenueMenu.app/VenueMenu";
			};
			name = Release;
		};
		C37265F91C0B6A050074EF5E /* Debug */ = {
			isa = XCBuildConfiguration;
			buildSettings = {
				INFOPLIST_FILE = VenueMenuUITests/Info.plist;
				LD_RUNPATH_SEARCH_PATHS = "$(inherited) @executable_path/Frameworks @loader_path/Frameworks";
				PRODUCT_BUNDLE_IDENTIFIER = com.tiy.VenueMenuUITests;
				PRODUCT_NAME = "$(TARGET_NAME)";
				TEST_TARGET_NAME = VenueMenu;
				USES_XCTRUNNER = YES;
			};
			name = Debug;
		};
		C37265FA1C0B6A050074EF5E /* Release */ = {
			isa = XCBuildConfiguration;
			buildSettings = {
				INFOPLIST_FILE = VenueMenuUITests/Info.plist;
				LD_RUNPATH_SEARCH_PATHS = "$(inherited) @executable_path/Frameworks @loader_path/Frameworks";
				PRODUCT_BUNDLE_IDENTIFIER = com.tiy.VenueMenuUITests;
				PRODUCT_NAME = "$(TARGET_NAME)";
				TEST_TARGET_NAME = VenueMenu;
				USES_XCTRUNNER = YES;
			};
			name = Release;
		};
/* End XCBuildConfiguration section */

/* Begin XCConfigurationList section */
		C37265C21C0B6A030074EF5E /* Build configuration list for PBXProject "VenueMenu" */ = {
			isa = XCConfigurationList;
			buildConfigurations = (
				C37265F01C0B6A050074EF5E /* Debug */,
				C37265F11C0B6A050074EF5E /* Release */,
			);
			defaultConfigurationIsVisible = 0;
			defaultConfigurationName = Release;
		};
		C37265F21C0B6A050074EF5E /* Build configuration list for PBXNativeTarget "VenueMenu" */ = {
			isa = XCConfigurationList;
			buildConfigurations = (
				C37265F31C0B6A050074EF5E /* Debug */,
				C37265F41C0B6A050074EF5E /* Release */,
			);
			defaultConfigurationIsVisible = 0;
		};
		C37265F51C0B6A050074EF5E /* Build configuration list for PBXNativeTarget "VenueMenuTests" */ = {
			isa = XCConfigurationList;
			buildConfigurations = (
				C37265F61C0B6A050074EF5E /* Debug */,
				C37265F71C0B6A050074EF5E /* Release */,
			);
			defaultConfigurationIsVisible = 0;
		};
		C37265F81C0B6A050074EF5E /* Build configuration list for PBXNativeTarget "VenueMenuUITests" */ = {
			isa = XCConfigurationList;
			buildConfigurations = (
				C37265F91C0B6A050074EF5E /* Debug */,
				C37265FA1C0B6A050074EF5E /* Release */,
			);
			defaultConfigurationIsVisible = 0;
		};
/* End XCConfigurationList section */

/* Begin XCVersionGroup section */
		C37265D11C0B6A040074EF5E /* VenueMenu.xcdatamodeld */ = {
			isa = XCVersionGroup;
			children = (
				C37265D21C0B6A040074EF5E /* VenueMenu.xcdatamodel */,
			);
			currentVersion = C37265D21C0B6A040074EF5E /* VenueMenu.xcdatamodel */;
			path = VenueMenu.xcdatamodeld;
			sourceTree = "<group>";
			versionGroupType = wrapper.xcdatamodel;
		};
/* End XCVersionGroup section */
	};
	rootObject = C37265BF1C0B6A030074EF5E /* Project object */;
}
