// !$*UTF8*$!
{
	archiveVersion = 1;
	classes = {
	};
	objectVersion = 46;
	objects = {

/* Begin PBXBuildFile section */
		C35CA5081BCD8596006B12B9 /* QuickPickTableViewController.swift in Sources */ = {isa = PBXBuildFile; fileRef = C35CA5071BCD8596006B12B9 /* QuickPickTableViewController.swift */; settings = {ASSET_TAGS = (); }; };
		C37BA97D1BCF3FDC00F5D1F4 /* TicketPickerViewController.swift in Sources */ = {isa = PBXBuildFile; fileRef = C37BA97C1BCF3FDC00F5D1F4 /* TicketPickerViewController.swift */; settings = {ASSET_TAGS = (); }; };
		C38B5EAA1BCD79CB007451AC /* AppDelegate.swift in Sources */ = {isa = PBXBuildFile; fileRef = C38B5EA91BCD79CB007451AC /* AppDelegate.swift */; };
		C38B5EAF1BCD79CC007451AC /* Main.storyboard in Resources */ = {isa = PBXBuildFile; fileRef = C38B5EAD1BCD79CC007451AC /* Main.storyboard */; };
		C38B5EB11BCD79CC007451AC /* Assets.xcassets in Resources */ = {isa = PBXBuildFile; fileRef = C38B5EB01BCD79CC007451AC /* Assets.xcassets */; };
		C38B5EB41BCD79CC007451AC /* LaunchScreen.storyboard in Resources */ = {isa = PBXBuildFile; fileRef = C38B5EB21BCD79CC007451AC /* LaunchScreen.storyboard */; };
		C39C9CA51BCD9E3A00391465 /* LottoNumbers.swift in Sources */ = {isa = PBXBuildFile; fileRef = C39C9CA41BCD9E3A00391465 /* LottoNumbers.swift */; settings = {ASSET_TAGS = (); }; };
/* End PBXBuildFile section */

/* Begin PBXFileReference section */
		C35CA5071BCD8596006B12B9 /* QuickPickTableViewController.swift */ = {isa = PBXFileReference; fileEncoding = 4; lastKnownFileType = sourcecode.swift; name = QuickPickTableViewController.swift; path = ../QuickPickTableViewController.swift; sourceTree = "<group>"; };
		C37BA97C1BCF3FDC00F5D1F4 /* TicketPickerViewController.swift */ = {isa = PBXFileReference; fileEncoding = 4; lastKnownFileType = sourcecode.swift; name = TicketPickerViewController.swift; path = ../TicketPickerViewController.swift; sourceTree = "<group>"; };
		C38B5EA61BCD79CB007451AC /* Jackpot.app */ = {isa = PBXFileReference; explicitFileType = wrapper.application; includeInIndex = 0; path = Jackpot.app; sourceTree = BUILT_PRODUCTS_DIR; };
		C38B5EA91BCD79CB007451AC /* AppDelegate.swift */ = {isa = PBXFileReference; lastKnownFileType = sourcecode.swift; path = AppDelegate.swift; sourceTree = "<group>"; };
		C38B5EAE1BCD79CC007451AC /* Base */ = {isa = PBXFileReference; lastKnownFileType = file.storyboard; name = Base; path = Base.lproj/Main.storyboard; sourceTree = "<group>"; };
		C38B5EB01BCD79CC007451AC /* Assets.xcassets */ = {isa = PBXFileReference; lastKnownFileType = folder.assetcatalog; path = Assets.xcassets; sourceTree = "<group>"; };
		C38B5EB31BCD79CC007451AC /* Base */ = {isa = PBXFileReference; lastKnownFileType = file.storyboard; name = Base; path = Base.lproj/LaunchScreen.storyboard; sourceTree = "<group>"; };
		C38B5EB51BCD79CC007451AC /* Info.plist */ = {isa = PBXFileReference; lastKnownFileType = text.plist.xml; path = Info.plist; sourceTree = "<group>"; };
		C39C9CA41BCD9E3A00391465 /* LottoNumbers.swift */ = {isa = PBXFileReference; fileEncoding = 4; lastKnownFileType = sourcecode.swift; path = LottoNumbers.swift; sourceTree = "<group>"; };
/* End PBXFileReference section */

/* Begin PBXFrameworksBuildPhase section */
		C38B5EA31BCD79CB007451AC /* Frameworks */ = {
			isa = PBXFrameworksBuildPhase;
			buildActionMask = 2147483647;
			files = (
			);
			runOnlyForDeploymentPostprocessing = 0;
		};
/* End PBXFrameworksBuildPhase section */

/* Begin PBXGroup section */
		C38B5E9D1BCD79CB007451AC = {
			isa = PBXGroup;
			children = (
				C38B5EA81BCD79CB007451AC /* Jackpot */,
				C38B5EA71BCD79CB007451AC /* Products */,
			);
			sourceTree = "<group>";
		};
		C38B5EA71BCD79CB007451AC /* Products */ = {
			isa = PBXGroup;
			children = (
				C38B5EA61BCD79CB007451AC /* Jackpot.app */,
			);
			name = Products;
			sourceTree = "<group>";
		};
		C38B5EA81BCD79CB007451AC /* Jackpot */ = {
			isa = PBXGroup;
			children = (
				C37BA97C1BCF3FDC00F5D1F4 /* TicketPickerViewController.swift */,
				C38B5EA91BCD79CB007451AC /* AppDelegate.swift */,
				C39C9CA41BCD9E3A00391465 /* LottoNumbers.swift */,
				C35CA5071BCD8596006B12B9 /* QuickPickTableViewController.swift */,
				C38B5EAD1BCD79CC007451AC /* Main.storyboard */,
				C38B5EB01BCD79CC007451AC /* Assets.xcassets */,
				C38B5EB21BCD79CC007451AC /* LaunchScreen.storyboard */,
				C38B5EB51BCD79CC007451AC /* Info.plist */,
			);
			path = Jackpot;
			sourceTree = "<group>";
		};
/* End PBXGroup section */

/* Begin PBXNativeTarget section */
		C38B5EA51BCD79CB007451AC /* Jackpot */ = {
			isa = PBXNativeTarget;
			buildConfigurationList = C38B5EB81BCD79CC007451AC /* Build configuration list for PBXNativeTarget "Jackpot" */;
			buildPhases = (
				C38B5EA21BCD79CB007451AC /* Sources */,
				C38B5EA31BCD79CB007451AC /* Frameworks */,
				C38B5EA41BCD79CB007451AC /* Resources */,
			);
			buildRules = (
			);
			dependencies = (
			);
			name = Jackpot;
			productName = Jackpot;
			productReference = C38B5EA61BCD79CB007451AC /* Jackpot.app */;
			productType = "com.apple.product-type.application";
		};
/* End PBXNativeTarget section */

/* Begin PBXProject section */
		C38B5E9E1BCD79CB007451AC /* Project object */ = {
			isa = PBXProject;
			attributes = {
				LastUpgradeCheck = 0700;
				ORGANIZATIONNAME = "The Iron Yard";
				TargetAttributes = {
					C38B5EA51BCD79CB007451AC = {
						CreatedOnToolsVersion = 7.0.1;
					};
				};
			};
			buildConfigurationList = C38B5EA11BCD79CB007451AC /* Build configuration list for PBXProject "Jackpot" */;
			compatibilityVersion = "Xcode 3.2";
			developmentRegion = English;
			hasScannedForEncodings = 0;
			knownRegions = (
				en,
				Base,
			);
			mainGroup = C38B5E9D1BCD79CB007451AC;
			productRefGroup = C38B5EA71BCD79CB007451AC /* Products */;
			projectDirPath = "";
			projectRoot = "";
			targets = (
				C38B5EA51BCD79CB007451AC /* Jackpot */,
			);
		};
/* End PBXProject section */

/* Begin PBXResourcesBuildPhase section */
		C38B5EA41BCD79CB007451AC /* Resources */ = {
			isa = PBXResourcesBuildPhase;
			buildActionMask = 2147483647;
			files = (
				C38B5EB41BCD79CC007451AC /* LaunchScreen.storyboard in Resources */,
				C38B5EB11BCD79CC007451AC /* Assets.xcassets in Resources */,
				C38B5EAF1BCD79CC007451AC /* Main.storyboard in Resources */,
			);
			runOnlyForDeploymentPostprocessing = 0;
		};
/* End PBXResourcesBuildPhase section */

/* Begin PBXSourcesBuildPhase section */
		C38B5EA21BCD79CB007451AC /* Sources */ = {
			isa = PBXSourcesBuildPhase;
			buildActionMask = 2147483647;
			files = (
				C37BA97D1BCF3FDC00F5D1F4 /* TicketPickerViewController.swift in Sources */,
				C39C9CA51BCD9E3A00391465 /* LottoNumbers.swift in Sources */,
				C35CA5081BCD8596006B12B9 /* QuickPickTableViewController.swift in Sources */,
				C38B5EAA1BCD79CB007451AC /* AppDelegate.swift in Sources */,
			);
			runOnlyForDeploymentPostprocessing = 0;
		};
/* End PBXSourcesBuildPhase section */

/* Begin PBXVariantGroup section */
		C38B5EAD1BCD79CC007451AC /* Main.storyboard */ = {
			isa = PBXVariantGroup;
			children = (
				C38B5EAE1BCD79CC007451AC /* Base */,
			);
			name = Main.storyboard;
			sourceTree = "<group>";
		};
		C38B5EB21BCD79CC007451AC /* LaunchScreen.storyboard */ = {
			isa = PBXVariantGroup;
			children = (
				C38B5EB31BCD79CC007451AC /* Base */,
			);
			name = LaunchScreen.storyboard;
			sourceTree = "<group>";
		};
/* End PBXVariantGroup section */

/* Begin XCBuildConfiguration section */
		C38B5EB61BCD79CC007451AC /* Debug */ = {
			isa = XCBuildConfiguration;
			buildSettings = {
				ALWAYS_SEARCH_USER_PATHS = NO;
				CLANG_CXX_LANGUAGE_STANDARD = "gnu++0x";
				CLANG_CXX_LIBRARY = "libc++";
				CLANG_ENABLE_MODULES = YES;
				CLANG_ENABLE_OBJC_ARC = YES;
				CLANG_WARN_BOOL_CONVERSION = YES;
				CLANG_WARN_CONSTANT_CONVERSION = YES;
				CLANG_WARN_DIRECT_OBJC_ISA_USAGE = YES_ERROR;
				CLANG_WARN_EMPTY_BODY = YES;
				CLANG_WARN_ENUM_CONVERSION = YES;
				CLANG_WARN_INT_CONVERSION = YES;
				CLANG_WARN_OBJC_ROOT_CLASS = YES_ERROR;
				CLANG_WARN_UNREACHABLE_CODE = YES;
				CLANG_WARN__DUPLICATE_METHOD_MATCH = YES;
				"CODE_SIGN_IDENTITY[sdk=iphoneos*]" = "iPhone Developer";
				COPY_PHASE_STRIP = NO;
				DEBUG_INFORMATION_FORMAT = dwarf;
				ENABLE_STRICT_OBJC_MSGSEND = YES;
				ENABLE_TESTABILITY = YES;
				GCC_C_LANGUAGE_STANDARD = gnu99;
				GCC_DYNAMIC_NO_PIC = NO;
				GCC_NO_COMMON_BLOCKS = YES;
				GCC_OPTIMIZATION_LEVEL = 0;
				GCC_PREPROCESSOR_DEFINITIONS = (
					"DEBUG=1",
					"$(inherited)",
				);
				GCC_WARN_64_TO_32_BIT_CONVERSION = YES;
				GCC_WARN_ABOUT_RETURN_TYPE = YES_ERROR;
				GCC_WARN_UNDECLARED_SELECTOR = YES;
				GCC_WARN_UNINITIALIZED_AUTOS = YES_AGGRESSIVE;
				GCC_WARN_UNUSED_FUNCTION = YES;
				GCC_WARN_UNUSED_VARIABLE = YES;
				IPHONEOS_DEPLOYMENT_TARGET = 9.0;
				MTL_ENABLE_DEBUG_INFO = YES;
				ONLY_ACTIVE_ARCH = YES;
				SDKROOT = iphoneos;
				SWIFT_OPTIMIZATION_LEVEL = "-Onone";
			};
			name = Debug;
		};
		C38B5EB71BCD79CC007451AC /* Release */ = {
			isa = XCBuildConfiguration;
			buildSettings = {
				ALWAYS_SEARCH_USER_PATHS = NO;
				CLANG_CXX_LANGUAGE_STANDARD = "gnu++0x";
				CLANG_CXX_LIBRARY = "libc++";
				CLANG_ENABLE_MODULES = YES;
				CLANG_ENABLE_OBJC_ARC = YES;
				CLANG_WARN_BOOL_CONVERSION = YES;
				CLANG_WARN_CONSTANT_CONVERSION = YES;
				CLANG_WARN_DIRECT_OBJC_ISA_USAGE = YES_ERROR;
				CLANG_WARN_EMPTY_BODY = YES;
				CLANG_WARN_ENUM_CONVERSION = YES;
				CLANG_WARN_INT_CONVERSION = YES;
				CLANG_WARN_OBJC_ROOT_CLASS = YES_ERROR;
				CLANG_WARN_UNREACHABLE_CODE = YES;
				CLANG_WARN__DUPLICATE_METHOD_MATCH = YES;
				"CODE_SIGN_IDENTITY[sdk=iphoneos*]" = "iPhone Developer";
				COPY_PHASE_STRIP = NO;
				DEBUG_INFORMATION_FORMAT = "dwarf-with-dsym";
				ENABLE_NS_ASSERTIONS = NO;
				ENABLE_STRICT_OBJC_MSGSEND = YES;
				GCC_C_LANGUAGE_STANDARD = gnu99;
				GCC_NO_COMMON_BLOCKS = YES;
				GCC_WARN_64_TO_32_BIT_CONVERSION = YES;
				GCC_WARN_ABOUT_RETURN_TYPE = YES_ERROR;
				GCC_WARN_UNDECLARED_SELECTOR = YES;
				GCC_WARN_UNINITIALIZED_AUTOS = YES_AGGRESSIVE;
				GCC_WARN_UNUSED_FUNCTION = YES;
				GCC_WARN_UNUSED_VARIABLE = YES;
				IPHONEOS_DEPLOYMENT_TARGET = 9.0;
				MTL_ENABLE_DEBUG_INFO = NO;
				SDKROOT = iphoneos;
				VALIDATE_PRODUCT = YES;
			};
			name = Release;
		};
		C38B5EB91BCD79CC007451AC /* Debug */ = {
			isa = XCBuildConfiguration;
			buildSettings = {
				ASSETCATALOG_COMPILER_APPICON_NAME = AppIcon;
				INFOPLIST_FILE = Jackpot/Info.plist;
				LD_RUNPATH_SEARCH_PATHS = "$(inherited) @executable_path/Frameworks";
				PRODUCT_BUNDLE_IDENTIFIER = com.tiy.Jackpot;
				PRODUCT_NAME = "$(TARGET_NAME)";
			};
			name = Debug;
		};
		C38B5EBA1BCD79CC007451AC /* Release */ = {
			isa = XCBuildConfiguration;
			buildSettings = {
				ASSETCATALOG_COMPILER_APPICON_NAME = AppIcon;
				INFOPLIST_FILE = Jackpot/Info.plist;
				LD_RUNPATH_SEARCH_PATHS = "$(inherited) @executable_path/Frameworks";
				PRODUCT_BUNDLE_IDENTIFIER = com.tiy.Jackpot;
				PRODUCT_NAME = "$(TARGET_NAME)";
			};
			name = Release;
		};
/* End XCBuildConfiguration section */

/* Begin XCConfigurationList section */
		C38B5EA11BCD79CB007451AC /* Build configuration list for PBXProject "Jackpot" */ = {
			isa = XCConfigurationList;
			buildConfigurations = (
				C38B5EB61BCD79CC007451AC /* Debug */,
				C38B5EB71BCD79CC007451AC /* Release */,
			);
			defaultConfigurationIsVisible = 0;
			defaultConfigurationName = Release;
		};
		C38B5EB81BCD79CC007451AC /* Build configuration list for PBXNativeTarget "Jackpot" */ = {
			isa = XCConfigurationList;
			buildConfigurations = (
				C38B5EB91BCD79CC007451AC /* Debug */,
				C38B5EBA1BCD79CC007451AC /* Release */,
			);
			defaultConfigurationIsVisible = 0;
			defaultConfigurationName = Release;
		};
/* End XCConfigurationList section */
	};
	rootObject = C38B5E9E1BCD79CB007451AC /* Project object */;
}
